// !$*UTF8*$!
{
	archiveVersion = 1;
	classes = {
	};
	objectVersion = 54;
	objects = {

/* Begin PBXBuildFile section */
		09585FD147EAF64EEBD586AE /* PrivacyInfo.xcprivacy in Resources */ = {isa = PBXBuildFile; fileRef = E3812CA0776629430D89D5DA /* PrivacyInfo.xcprivacy */; };
		1F88FA766E6115322310F4C0 /* ExpoModulesProvider.swift in Sources */ = {isa = PBXBuildFile; fileRef = 4B0899793A92BA664E42A82B /* ExpoModulesProvider.swift */; };
		514201522437B4B40078DB4F /* Assets.xcassets in Resources */ = {isa = PBXBuildFile; fileRef = 514201512437B4B40078DB4F /* Assets.xcassets */; };
		514201552437B4B40078DB4F /* Main.storyboard in Resources */ = {isa = PBXBuildFile; fileRef = 514201532437B4B40078DB4F /* Main.storyboard */; };
		514201582437B4B40078DB4F /* main.m in Sources */ = {isa = PBXBuildFile; fileRef = 514201572437B4B40078DB4F /* main.m */; };
		690D93E62DD37F08002EFC73 /* AppDelegate.mm in Sources */ = {isa = PBXBuildFile; fileRef = 690D93E52DD37F08002EFC73 /* AppDelegate.mm */; };
		696BC82C2E0EFA2500FFFA66 /* WindowControls.swift in Sources */ = {isa = PBXBuildFile; fileRef = 696BC8292E0EFA2500FFFA66 /* WindowControls.swift */; };
		696BC82D2E0EFA2500FFFA66 /* WindowControlsBridge.m in Sources */ = {isa = PBXBuildFile; fileRef = 696BC82A2E0EFA2500FFFA66 /* WindowControlsBridge.m */; };
		6985727C2DC7BAF000A9B92D /* MarkdownEditor.html in Resources */ = {isa = PBXBuildFile; fileRef = 6985727A2DC7BAF000A9B92D /* MarkdownEditor.html */; };
		69D53FB72DC6653D0004AD94 /* SFSymbol.swift in Sources */ = {isa = PBXBuildFile; fileRef = 69D53FB42DC6653D0004AD94 /* SFSymbol.swift */; };
		69D53FB82DC6653D0004AD94 /* SFSymbolBridge.m in Sources */ = {isa = PBXBuildFile; fileRef = 69D53FB52DC6653D0004AD94 /* SFSymbolBridge.m */; };
		69EDA80D2DC90E2E00CCB7F7 /* WindowManager.m in Sources */ = {isa = PBXBuildFile; fileRef = 69EDA80B2DC90E2E00CCB7F7 /* WindowManager.m */; };
		69EDA8112DC910FA00CCB7F7 /* MenuEvents.m in Sources */ = {isa = PBXBuildFile; fileRef = 69EDA80F2DC910FA00CCB7F7 /* MenuEvents.m */; };
		A1B2C3D4E5F607801234567 /* AudioPlayer.m in Sources */ = {isa = PBXBuildFile; fileRef = A1B2C3D6E5F607801234567 /* AudioPlayer.m */; };
		BEF2DD5FAECBF3C737045F10 /* PrivacyInfo.xcprivacy in Resources */ = {isa = PBXBuildFile; fileRef = E3812CA0776629430D89D5DA /* PrivacyInfo.xcprivacy */; };
		DD7A5E943F53F74817727672 /* libPods-LegendMusic-macOS.a in Frameworks */ = {isa = PBXBuildFile; fileRef = D923D34EAC788A5DE1EAAF00 /* libPods-LegendMusic-macOS.a */; };
/* End PBXBuildFile section */

/* Begin PBXFileReference section */
		13B07F961A680F5B00A75B9A /* LegendMusic.app */ = {isa = PBXFileReference; explicitFileType = wrapper.application; includeInIndex = 0; path = LegendMusic.app; sourceTree = BUILT_PRODUCTS_DIR; };
		1F6FF62D68604C0C2E7B146C /* Pods-LegendMusic-macOS.release.xcconfig */ = {isa = PBXFileReference; includeInIndex = 1; lastKnownFileType = text.xcconfig; name = "Pods-LegendMusic-macOS.release.xcconfig"; path = "Target Support Files/Pods-LegendMusic-macOS/Pods-LegendMusic-macOS.release.xcconfig"; sourceTree = "<group>"; };
		4B0899793A92BA664E42A82B /* ExpoModulesProvider.swift */ = {isa = PBXFileReference; includeInIndex = 1; lastKnownFileType = sourcecode.swift; name = ExpoModulesProvider.swift; path = "Pods/Target Support Files/Pods-LegendMusic-macOS/ExpoModulesProvider.swift"; sourceTree = "<group>"; };
		514201492437B4B30078DB4F /* LegendMusic.app */ = {isa = PBXFileReference; explicitFileType = wrapper.application; includeInIndex = 0; path = LegendMusic.app; sourceTree = BUILT_PRODUCTS_DIR; };
		514201512437B4B40078DB4F /* Assets.xcassets */ = {isa = PBXFileReference; lastKnownFileType = folder.assetcatalog; path = Assets.xcassets; sourceTree = "<group>"; };
		514201542437B4B40078DB4F /* Base */ = {isa = PBXFileReference; lastKnownFileType = file.storyboard; name = Base; path = Base.lproj/Main.storyboard; sourceTree = "<group>"; };
		514201562437B4B40078DB4F /* Info.plist */ = {isa = PBXFileReference; lastKnownFileType = text.plist.xml; path = Info.plist; sourceTree = "<group>"; };
		514201572437B4B40078DB4F /* main.m */ = {isa = PBXFileReference; lastKnownFileType = sourcecode.c.objc; path = main.m; sourceTree = "<group>"; };
		514201592437B4B40078DB4F /* LegendMusic.entitlements */ = {isa = PBXFileReference; lastKnownFileType = text.plist.entitlements; path = LegendMusic.entitlements; sourceTree = "<group>"; };
		52F3B9566C7991859BDE0DEF /* Pods-LegendMusic-macOS.debug.xcconfig */ = {isa = PBXFileReference; includeInIndex = 1; lastKnownFileType = text.xcconfig; name = "Pods-LegendMusic-macOS.debug.xcconfig"; path = "Target Support Files/Pods-LegendMusic-macOS/Pods-LegendMusic-macOS.debug.xcconfig"; sourceTree = "<group>"; };
		690D93E42DD37F08002EFC73 /* AppDelegate.h */ = {isa = PBXFileReference; lastKnownFileType = sourcecode.c.h; path = AppDelegate.h; sourceTree = "<group>"; };
		690D93E52DD37F08002EFC73 /* AppDelegate.mm */ = {isa = PBXFileReference; lastKnownFileType = sourcecode.cpp.objcpp; path = AppDelegate.mm; sourceTree = "<group>"; };
		696BC8292E0EFA2500FFFA66 /* WindowControls.swift */ = {isa = PBXFileReference; lastKnownFileType = sourcecode.swift; path = WindowControls.swift; sourceTree = "<group>"; };
		696BC82A2E0EFA2500FFFA66 /* WindowControlsBridge.m */ = {isa = PBXFileReference; lastKnownFileType = sourcecode.c.objc; path = WindowControlsBridge.m; sourceTree = "<group>"; };
		6985727A2DC7BAF000A9B92D /* MarkdownEditor.html */ = {isa = PBXFileReference; lastKnownFileType = text.html; path = MarkdownEditor.html; sourceTree = "<group>"; };
		69C9C0F32E0E056300FE0F5C /* LegendMusic-macOS.entitlements */ = {isa = PBXFileReference; lastKnownFileType = text.plist.entitlements; path = "LegendMusic-macOS.entitlements"; sourceTree = "<group>"; };
		69D53FB42DC6653D0004AD94 /* SFSymbol.swift */ = {isa = PBXFileReference; lastKnownFileType = sourcecode.swift; path = SFSymbol.swift; sourceTree = "<group>"; };
		69D53FB52DC6653D0004AD94 /* SFSymbolBridge.m */ = {isa = PBXFileReference; lastKnownFileType = sourcecode.c.objc; path = SFSymbolBridge.m; sourceTree = "<group>"; };
		69EDA80A2DC90E2E00CCB7F7 /* WindowManager.h */ = {isa = PBXFileReference; lastKnownFileType = sourcecode.c.h; path = WindowManager.h; sourceTree = "<group>"; };
		69EDA80B2DC90E2E00CCB7F7 /* WindowManager.m */ = {isa = PBXFileReference; lastKnownFileType = sourcecode.c.objc; path = WindowManager.m; sourceTree = "<group>"; };
		69EDA80E2DC910FA00CCB7F7 /* MenuEvents.h */ = {isa = PBXFileReference; lastKnownFileType = sourcecode.c.h; path = MenuEvents.h; sourceTree = "<group>"; };
		69EDA80F2DC910FA00CCB7F7 /* MenuEvents.m */ = {isa = PBXFileReference; lastKnownFileType = sourcecode.c.objc; path = MenuEvents.m; sourceTree = "<group>"; };
		A1B2C3D5E5F607801234567 /* AudioPlayer.h */ = {isa = PBXFileReference; lastKnownFileType = sourcecode.c.h; path = AudioPlayer.h; sourceTree = "<group>"; };
		A1B2C3D6E5F607801234567 /* AudioPlayer.m */ = {isa = PBXFileReference; lastKnownFileType = sourcecode.c.objc; path = AudioPlayer.m; sourceTree = "<group>"; };
		D923D34EAC788A5DE1EAAF00 /* libPods-LegendMusic-macOS.a */ = {isa = PBXFileReference; explicitFileType = archive.ar; includeInIndex = 0; path = "libPods-LegendMusic-macOS.a"; sourceTree = BUILT_PRODUCTS_DIR; };
		E3812CA0776629430D89D5DA /* PrivacyInfo.xcprivacy */ = {isa = PBXFileReference; includeInIndex = 1; lastKnownFileType = text.xml; path = PrivacyInfo.xcprivacy; sourceTree = "<group>"; };
		ED297162215061F000B7C4FE /* JavaScriptCore.framework */ = {isa = PBXFileReference; lastKnownFileType = wrapper.framework; name = JavaScriptCore.framework; path = System/Library/Frameworks/JavaScriptCore.framework; sourceTree = SDKROOT; };
/* End PBXFileReference section */

/* Begin PBXFrameworksBuildPhase section */
		13B07F8C1A680F5B00A75B9A /* Frameworks */ = {
			isa = PBXFrameworksBuildPhase;
			buildActionMask = 2147483647;
			files = (
			);
			runOnlyForDeploymentPostprocessing = 0;
		};
		514201462437B4B30078DB4F /* Frameworks */ = {
			isa = PBXFrameworksBuildPhase;
			buildActionMask = 2147483647;
			files = (
				DD7A5E943F53F74817727672 /* libPods-LegendMusic-macOS.a in Frameworks */,
			);
			runOnlyForDeploymentPostprocessing = 0;
		};
/* End PBXFrameworksBuildPhase section */

/* Begin PBXGroup section */
		2D16E6871FA4F8E400B85C8A /* Frameworks */ = {
			isa = PBXGroup;
			children = (
				ED297162215061F000B7C4FE /* JavaScriptCore.framework */,
				D923D34EAC788A5DE1EAAF00 /* libPods-LegendMusic-macOS.a */,
			);
			name = Frameworks;
			sourceTree = "<group>";
		};
		3B06444D302A419DBC30D20E /* LegendMusic-macOS */ = {
			isa = PBXGroup;
			children = (
				4B0899793A92BA664E42A82B /* ExpoModulesProvider.swift */,
			);
			name = "LegendMusic-macOS";
			sourceTree = "<group>";
		};
		5142014A2437B4B30078DB4F /* LegendMusic-macOS */ = {
			isa = PBXGroup;
			children = (
				69C9C0F32E0E056300FE0F5C /* LegendMusic-macOS.entitlements */,
				690D93E42DD37F08002EFC73 /* AppDelegate.h */,
				690D93E52DD37F08002EFC73 /* AppDelegate.mm */,
				514201512437B4B40078DB4F /* Assets.xcassets */,
				514201562437B4B40078DB4F /* Info.plist */,
				514201592437B4B40078DB4F /* LegendMusic.entitlements */,
				514201572437B4B40078DB4F /* main.m */,
				514201532437B4B40078DB4F /* Main.storyboard */,
				A1B2C3D7E5F607801234567 /* AudioPlayer */,
				69EDA8102DC910FA00CCB7F7 /* MenuEvents */,
				6985727B2DC7BAF000A9B92D /* Resources */,
				69D53FB62DC6653D0004AD94 /* SFSymbol */,
				696BC82B2E0EFA2500FFFA66 /* WindowControls */,
				69EDA80C2DC90E2E00CCB7F7 /* WindowManager */,
			);
			path = "LegendMusic-macOS";
			sourceTree = "<group>";
		};
		592DDBC6195B175C304B4AEB /* Pods */ = {
			isa = PBXGroup;
			children = (
				52F3B9566C7991859BDE0DEF /* Pods-LegendMusic-macOS.debug.xcconfig */,
				1F6FF62D68604C0C2E7B146C /* Pods-LegendMusic-macOS.release.xcconfig */,
			);
			path = Pods;
			sourceTree = "<group>";
		};
		696BC82B2E0EFA2500FFFA66 /* WindowControls */ = {
			isa = PBXGroup;
			children = (
				696BC8292E0EFA2500FFFA66 /* WindowControls.swift */,
				696BC82A2E0EFA2500FFFA66 /* WindowControlsBridge.m */,
			);
			path = WindowControls;
			sourceTree = "<group>";
		};
		6985727B2DC7BAF000A9B92D /* Resources */ = {
			isa = PBXGroup;
			children = (
				6985727A2DC7BAF000A9B92D /* MarkdownEditor.html */,
			);
			path = Resources;
			sourceTree = "<group>";
		};
		69D53FB62DC6653D0004AD94 /* SFSymbol */ = {
			isa = PBXGroup;
			children = (
				69D53FB42DC6653D0004AD94 /* SFSymbol.swift */,
				69D53FB52DC6653D0004AD94 /* SFSymbolBridge.m */,
			);
			path = SFSymbol;
			sourceTree = "<group>";
		};
		69EDA80C2DC90E2E00CCB7F7 /* WindowManager */ = {
			isa = PBXGroup;
			children = (
				69EDA80A2DC90E2E00CCB7F7 /* WindowManager.h */,
				69EDA80B2DC90E2E00CCB7F7 /* WindowManager.m */,
			);
			path = WindowManager;
			sourceTree = "<group>";
		};
		69EDA8102DC910FA00CCB7F7 /* MenuEvents */ = {
			isa = PBXGroup;
			children = (
				69EDA80E2DC910FA00CCB7F7 /* MenuEvents.h */,
				69EDA80F2DC910FA00CCB7F7 /* MenuEvents.m */,
			);
			path = MenuEvents;
			sourceTree = "<group>";
		};
		832341AE1AAA6A7D00B99B32 /* Libraries */ = {
			isa = PBXGroup;
			children = (
			);
			name = Libraries;
			sourceTree = "<group>";
		};
		83CBB9F61A601CBA00E9B192 = {
			isa = PBXGroup;
			children = (
				5142014A2437B4B30078DB4F /* LegendMusic-macOS */,
				832341AE1AAA6A7D00B99B32 /* Libraries */,
				83CBBA001A601CBA00E9B192 /* Products */,
				2D16E6871FA4F8E400B85C8A /* Frameworks */,
				E3812CA0776629430D89D5DA /* PrivacyInfo.xcprivacy */,
				592DDBC6195B175C304B4AEB /* Pods */,
				B669C9BC2CE56F5EFB57A35A /* ExpoModulesProviders */,
			);
			indentWidth = 2;
			sourceTree = "<group>";
			tabWidth = 2;
			usesTabs = 0;
		};
		83CBBA001A601CBA00E9B192 /* Products */ = {
			isa = PBXGroup;
			children = (
				13B07F961A680F5B00A75B9A /* LegendMusic.app */,
				514201492437B4B30078DB4F /* LegendMusic.app */,
			);
			name = Products;
			sourceTree = "<group>";
		};
		A1B2C3D7E5F607801234567 /* AudioPlayer */ = {
			isa = PBXGroup;
			children = (
				A1B2C3D5E5F607801234567 /* AudioPlayer.h */,
				A1B2C3D6E5F607801234567 /* AudioPlayer.m */,
			);
			path = AudioPlayer;
			sourceTree = "<group>";
		};
		B669C9BC2CE56F5EFB57A35A /* ExpoModulesProviders */ = {
			isa = PBXGroup;
			children = (
				3B06444D302A419DBC30D20E /* LegendMusic-macOS */,
			);
			name = ExpoModulesProviders;
			sourceTree = "<group>";
		};
/* End PBXGroup section */

/* Begin PBXNativeTarget section */
		13B07F861A680F5B00A75B9A /* LegendMusic-iOS */ = {
			isa = PBXNativeTarget;
			buildConfigurationList = 13B07F931A680F5B00A75B9A /* Build configuration list for PBXNativeTarget "LegendMusic-iOS" */;
			buildPhases = (
				13B07F871A680F5B00A75B9A /* Sources */,
				13B07F8C1A680F5B00A75B9A /* Frameworks */,
				13B07F8E1A680F5B00A75B9A /* Resources */,
				00DD1BFF1BD5951E006B06BC /* Bundle React Native code and images */,
			);
			buildRules = (
			);
			dependencies = (
			);
			name = "LegendMusic-iOS";
			productName = LegendMusic;
			productReference = 13B07F961A680F5B00A75B9A /* LegendMusic.app */;
			productType = "com.apple.product-type.application";
		};
		514201482437B4B30078DB4F /* LegendMusic-macOS */ = {
			isa = PBXNativeTarget;
			buildConfigurationList = 5142015A2437B4B40078DB4F /* Build configuration list for PBXNativeTarget "LegendMusic-macOS" */;
			buildPhases = (
				1A938104A937498D81B3BD3B /* [CP] Check Pods Manifest.lock */,
				1E84D3CE83470F226C80EDC8 /* [Expo] Configure project */,
				514201452437B4B30078DB4F /* Sources */,
				514201462437B4B30078DB4F /* Frameworks */,
				514201472437B4B30078DB4F /* Resources */,
				381D8A6E24576A4E00465D17 /* Bundle React Native code and images */,
				9D2E5C3B52545030432B324A /* [CP] Copy Pods Resources */,
				D40307B9B1EF7419C22DAC6E /* [CP] Embed Pods Frameworks */,
			);
			buildRules = (
			);
			dependencies = (
			);
			name = "LegendMusic-macOS";
			productName = LegendMusic;
			productReference = 514201492437B4B30078DB4F /* LegendMusic.app */;
			productType = "com.apple.product-type.application";
		};
/* End PBXNativeTarget section */

/* Begin PBXProject section */
		83CBB9F71A601CBA00E9B192 /* Project object */ = {
			isa = PBXProject;
			attributes = {
				LastUpgradeCheck = 1130;
				TargetAttributes = {
					13B07F861A680F5B00A75B9A = {
						LastSwiftMigration = 1120;
					};
					514201482437B4B30078DB4F = {
						CreatedOnToolsVersion = 11.4;
						ProvisioningStyle = Automatic;
					};
				};
			};
			buildConfigurationList = 83CBB9FA1A601CBA00E9B192 /* Build configuration list for PBXProject "LegendMusic" */;
			compatibilityVersion = "Xcode 3.2";
			developmentRegion = en;
			hasScannedForEncodings = 0;
			knownRegions = (
				en,
				Base,
			);
			mainGroup = 83CBB9F61A601CBA00E9B192;
			productRefGroup = 83CBBA001A601CBA00E9B192 /* Products */;
			projectDirPath = "";
			projectRoot = "";
			targets = (
				13B07F861A680F5B00A75B9A /* LegendMusic-iOS */,
				514201482437B4B30078DB4F /* LegendMusic-macOS */,
			);
		};
/* End PBXProject section */

/* Begin PBXResourcesBuildPhase section */
		13B07F8E1A680F5B00A75B9A /* Resources */ = {
			isa = PBXResourcesBuildPhase;
			buildActionMask = 2147483647;
			files = (
				09585FD147EAF64EEBD586AE /* PrivacyInfo.xcprivacy in Resources */,
			);
			runOnlyForDeploymentPostprocessing = 0;
		};
		514201472437B4B30078DB4F /* Resources */ = {
			isa = PBXResourcesBuildPhase;
			buildActionMask = 2147483647;
			files = (
				6985727C2DC7BAF000A9B92D /* MarkdownEditor.html in Resources */,
				514201522437B4B40078DB4F /* Assets.xcassets in Resources */,
				514201552437B4B40078DB4F /* Main.storyboard in Resources */,
				BEF2DD5FAECBF3C737045F10 /* PrivacyInfo.xcprivacy in Resources */,
			);
			runOnlyForDeploymentPostprocessing = 0;
		};
/* End PBXResourcesBuildPhase section */

/* Begin PBXShellScriptBuildPhase section */
		00DD1BFF1BD5951E006B06BC /* Bundle React Native code and images */ = {
			isa = PBXShellScriptBuildPhase;
			buildActionMask = 2147483647;
			files = (
			);
			inputPaths = (
			);
			name = "Bundle React Native code and images";
			outputPaths = (
			);
			runOnlyForDeploymentPostprocessing = 0;
			shellPath = /bin/sh;
			shellScript = "export NODE_BINARY=node\n../node_modules/react-native-macos/scripts/react-native-xcode.sh\n";
		};
		1A938104A937498D81B3BD3B /* [CP] Check Pods Manifest.lock */ = {
			isa = PBXShellScriptBuildPhase;
			buildActionMask = 2147483647;
			files = (
			);
			inputFileListPaths = (
			);
			inputPaths = (
				"${PODS_PODFILE_DIR_PATH}/Podfile.lock",
				"${PODS_ROOT}/Manifest.lock",
			);
			name = "[CP] Check Pods Manifest.lock";
			outputFileListPaths = (
			);
			outputPaths = (
				"$(DERIVED_FILE_DIR)/Pods-LegendMusic-macOS-checkManifestLockResult.txt",
			);
			runOnlyForDeploymentPostprocessing = 0;
			shellPath = /bin/sh;
			shellScript = "diff \"${PODS_PODFILE_DIR_PATH}/Podfile.lock\" \"${PODS_ROOT}/Manifest.lock\" > /dev/null\nif [ $? != 0 ] ; then\n    # print error to STDERR\n    echo \"error: The sandbox is not in sync with the Podfile.lock. Run 'pod install' or update your CocoaPods installation.\" >&2\n    exit 1\nfi\n# This output is used by Xcode 'outputs' to avoid re-running this script phase.\necho \"SUCCESS\" > \"${SCRIPT_OUTPUT_FILE_0}\"\n";
			showEnvVarsInLog = 0;
		};
		1E84D3CE83470F226C80EDC8 /* [Expo] Configure project */ = {
			isa = PBXShellScriptBuildPhase;
			alwaysOutOfDate = 1;
			buildActionMask = 2147483647;
			files = (
			);
			inputFileListPaths = (
			);
			inputPaths = (
			);
			name = "[Expo] Configure project";
			outputFileListPaths = (
			);
			outputPaths = (
			);
			runOnlyForDeploymentPostprocessing = 0;
			shellPath = /bin/sh;
			shellScript = "# This script configures Expo modules and generates the modules provider file.\nbash -l -c \"./Pods/Target\\ Support\\ Files/Pods-LegendMusic-macOS/expo-configure-project.sh\"\n";
		};
		381D8A6E24576A4E00465D17 /* Bundle React Native code and images */ = {
			isa = PBXShellScriptBuildPhase;
			buildActionMask = 2147483647;
			files = (
			);
			inputFileListPaths = (
			);
			inputPaths = (
			);
			name = "Bundle React Native code and images";
			outputFileListPaths = (
			);
			outputPaths = (
			);
			runOnlyForDeploymentPostprocessing = 0;
			shellPath = /bin/sh;
			shellScript = "export NODE_BINARY=node\n../node_modules/react-native-macos/scripts/react-native-xcode.sh\n";
		};
		9D2E5C3B52545030432B324A /* [CP] Copy Pods Resources */ = {
			isa = PBXShellScriptBuildPhase;
			buildActionMask = 2147483647;
			files = (
			);
			inputPaths = (
				"${PODS_ROOT}/Target Support Files/Pods-LegendMusic-macOS/Pods-LegendMusic-macOS-resources.sh",
				"${PODS_CONFIGURATION_BUILD_DIR}/EXConstants/EXConstants.bundle",
				"${PODS_CONFIGURATION_BUILD_DIR}/EXConstants/ExpoConstants_privacy.bundle",
				"${PODS_CONFIGURATION_BUILD_DIR}/ExpoFileSystem/ExpoFileSystem_privacy.bundle",
				"${PODS_CONFIGURATION_BUILD_DIR}/RCT-Folly/RCT-Folly_privacy.bundle",
				"${PODS_CONFIGURATION_BUILD_DIR}/React-Core/React-Core_privacy.bundle",
				"${PODS_CONFIGURATION_BUILD_DIR}/React-cxxreact/React-cxxreact_privacy.bundle",
				"${PODS_CONFIGURATION_BUILD_DIR}/boost/boost_privacy.bundle",
				"${PODS_CONFIGURATION_BUILD_DIR}/glog/glog_privacy.bundle",
			);
			name = "[CP] Copy Pods Resources";
			outputPaths = (
				"${TARGET_BUILD_DIR}/${UNLOCALIZED_RESOURCES_FOLDER_PATH}/EXConstants.bundle",
				"${TARGET_BUILD_DIR}/${UNLOCALIZED_RESOURCES_FOLDER_PATH}/ExpoConstants_privacy.bundle",
				"${TARGET_BUILD_DIR}/${UNLOCALIZED_RESOURCES_FOLDER_PATH}/ExpoFileSystem_privacy.bundle",
				"${TARGET_BUILD_DIR}/${UNLOCALIZED_RESOURCES_FOLDER_PATH}/RCT-Folly_privacy.bundle",
				"${TARGET_BUILD_DIR}/${UNLOCALIZED_RESOURCES_FOLDER_PATH}/React-Core_privacy.bundle",
				"${TARGET_BUILD_DIR}/${UNLOCALIZED_RESOURCES_FOLDER_PATH}/React-cxxreact_privacy.bundle",
				"${TARGET_BUILD_DIR}/${UNLOCALIZED_RESOURCES_FOLDER_PATH}/boost_privacy.bundle",
				"${TARGET_BUILD_DIR}/${UNLOCALIZED_RESOURCES_FOLDER_PATH}/glog_privacy.bundle",
			);
			runOnlyForDeploymentPostprocessing = 0;
			shellPath = /bin/sh;
			shellScript = "\"${PODS_ROOT}/Target Support Files/Pods-LegendMusic-macOS/Pods-LegendMusic-macOS-resources.sh\"\n";
			showEnvVarsInLog = 0;
		};
		D40307B9B1EF7419C22DAC6E /* [CP] Embed Pods Frameworks */ = {
			isa = PBXShellScriptBuildPhase;
			buildActionMask = 2147483647;
			files = (
			);
			inputPaths = (
				"${PODS_ROOT}/Target Support Files/Pods-LegendMusic-macOS/Pods-LegendMusic-macOS-frameworks.sh",
				"${PODS_ROOT}/hermes-engine/destroot/Library/Frameworks/macosx/hermes.framework",
			);
			name = "[CP] Embed Pods Frameworks";
			outputPaths = (
				"${TARGET_BUILD_DIR}/${FRAMEWORKS_FOLDER_PATH}/hermes.framework",
			);
			runOnlyForDeploymentPostprocessing = 0;
			shellPath = /bin/sh;
			shellScript = "\"${PODS_ROOT}/Target Support Files/Pods-LegendMusic-macOS/Pods-LegendMusic-macOS-frameworks.sh\"\n";
			showEnvVarsInLog = 0;
		};
/* End PBXShellScriptBuildPhase section */

/* Begin PBXSourcesBuildPhase section */
		13B07F871A680F5B00A75B9A /* Sources */ = {
			isa = PBXSourcesBuildPhase;
			buildActionMask = 2147483647;
			files = (
			);
			runOnlyForDeploymentPostprocessing = 0;
		};
		514201452437B4B30078DB4F /* Sources */ = {
			isa = PBXSourcesBuildPhase;
			buildActionMask = 2147483647;
			files = (
				514201582437B4B40078DB4F /* main.m in Sources */,
				A1B2C3D4E5F607801234567 /* AudioPlayer.m in Sources */,
				69EDA8112DC910FA00CCB7F7 /* MenuEvents.m in Sources */,
				69D53FB72DC6653D0004AD94 /* SFSymbol.swift in Sources */,
				690D93E62DD37F08002EFC73 /* AppDelegate.mm in Sources */,
				69EDA80D2DC90E2E00CCB7F7 /* WindowManager.m in Sources */,
				69D53FB82DC6653D0004AD94 /* SFSymbolBridge.m in Sources */,
				696BC82C2E0EFA2500FFFA66 /* WindowControls.swift in Sources */,
				696BC82D2E0EFA2500FFFA66 /* WindowControlsBridge.m in Sources */,
				1F88FA766E6115322310F4C0 /* ExpoModulesProvider.swift in Sources */,
			);
			runOnlyForDeploymentPostprocessing = 0;
		};
/* End PBXSourcesBuildPhase section */

/* Begin PBXVariantGroup section */
		514201532437B4B40078DB4F /* Main.storyboard */ = {
			isa = PBXVariantGroup;
			children = (
				514201542437B4B40078DB4F /* Base */,
			);
			name = Main.storyboard;
			sourceTree = "<group>";
		};
/* End PBXVariantGroup section */

/* Begin XCBuildConfiguration section */
		13B07F941A680F5B00A75B9A /* Debug */ = {
			isa = XCBuildConfiguration;
			buildSettings = {
				ASSETCATALOG_COMPILER_APPICON_NAME = AppIcon;
				CLANG_ENABLE_MODULES = YES;
				CURRENT_PROJECT_VERSION = 1;
				ENABLE_BITCODE = NO;
				INFOPLIST_FILE = "LegendMusic-iOS/Info.plist";
				LD_RUNPATH_SEARCH_PATHS = (
					"$(inherited)",
					"@executable_path/Frameworks",
				);
				OTHER_LDFLAGS = (
					"$(inherited)",
					"-ObjC",
					"-lc++",
				);
				OTHER_SWIFT_FLAGS = "$(inherited) -D EXPO_CONFIGURATION_DEBUG";
				PRODUCT_BUNDLE_IDENTIFIER = "org.reactjs.native.$(PRODUCT_NAME:rfc1034identifier)";
				PRODUCT_NAME = LegendMusic;
				SWIFT_OPTIMIZATION_LEVEL = "-Onone";
				SWIFT_VERSION = 5.0;
				VERSIONING_SYSTEM = "apple-generic";
			};
			name = Debug;
		};
		13B07F951A680F5B00A75B9A /* Release */ = {
			isa = XCBuildConfiguration;
			buildSettings = {
				ASSETCATALOG_COMPILER_APPICON_NAME = AppIcon;
				CLANG_ENABLE_MODULES = YES;
				CURRENT_PROJECT_VERSION = 1;
				INFOPLIST_FILE = "LegendMusic-iOS/Info.plist";
				LD_RUNPATH_SEARCH_PATHS = (
					"$(inherited)",
					"@executable_path/Frameworks",
				);
				OTHER_LDFLAGS = (
					"$(inherited)",
					"-ObjC",
					"-lc++",
				);
				OTHER_SWIFT_FLAGS = "$(inherited) -D EXPO_CONFIGURATION_RELEASE";
				PRODUCT_BUNDLE_IDENTIFIER = "org.reactjs.native.$(PRODUCT_NAME:rfc1034identifier)";
				PRODUCT_NAME = LegendMusic;
				SWIFT_VERSION = 5.0;
				VERSIONING_SYSTEM = "apple-generic";
			};
			name = Release;
		};
		5142015B2437B4B40078DB4F /* Debug */ = {
			isa = XCBuildConfiguration;
			baseConfigurationReference = 52F3B9566C7991859BDE0DEF /* Pods-LegendMusic-macOS.debug.xcconfig */;
			buildSettings = {
				ASSETCATALOG_COMPILER_APPICON_NAME = AppIcon;
				CLANG_ENABLE_MODULES = YES;
				CODE_SIGN_ENTITLEMENTS = "LegendMusic-macOS/LegendMusic-macOS.entitlements";
				"CODE_SIGN_IDENTITY[sdk=macosx*]" = "Apple Development";
				CURRENT_PROJECT_VERSION = 1;
				DEAD_CODE_STRIPPING = NO;
				DEVELOPMENT_TEAM = 93M3EVVYB2;
				INFOPLIST_FILE = "LegendMusic-macos/Info.plist";
				LD_RUNPATH_SEARCH_PATHS = (
					"$(inherited)",
					"@executable_path/Frameworks",
				);
				MACOSX_DEPLOYMENT_TARGET = 11.0;
				OTHER_LDFLAGS = (
					"$(inherited)",
					"-ObjC",
					"-lc++",
				);
				OTHER_SWIFT_FLAGS = "$(inherited) -D EXPO_CONFIGURATION_DEBUG";
				PRODUCT_BUNDLE_IDENTIFIER = "com.legendapp.--PRODUCT-NAME-rfc1034identifier-";
				PRODUCT_NAME = LegendMusic;
				SDKROOT = macosx;
				SWIFT_OPTIMIZATION_LEVEL = "-Onone";
				SWIFT_VERSION = 5.0;
			};
			name = Debug;
		};
		5142015C2437B4B40078DB4F /* Release */ = {
			isa = XCBuildConfiguration;
			baseConfigurationReference = 1F6FF62D68604C0C2E7B146C /* Pods-LegendMusic-macOS.release.xcconfig */;
			buildSettings = {
				ASSETCATALOG_COMPILER_APPICON_NAME = AppIcon;
				CLANG_ENABLE_MODULES = YES;
				CODE_SIGN_ENTITLEMENTS = "LegendMusic-macOS/LegendMusic-macOS.entitlements";
				"CODE_SIGN_IDENTITY[sdk=macosx*]" = "Apple Development";
				CURRENT_PROJECT_VERSION = 1;
				DEVELOPMENT_TEAM = 93M3EVVYB2;
				INFOPLIST_FILE = "LegendMusic-macos/Info.plist";
				LD_RUNPATH_SEARCH_PATHS = (
					"$(inherited)",
					"@executable_path/Frameworks",
				);
				MACOSX_DEPLOYMENT_TARGET = 11.0;
				OTHER_LDFLAGS = (
					"$(inherited)",
					"-ObjC",
					"-lc++",
				);
				OTHER_SWIFT_FLAGS = "$(inherited) -D EXPO_CONFIGURATION_RELEASE";
				PRODUCT_BUNDLE_IDENTIFIER = "com.legendapp.--PRODUCT-NAME-rfc1034identifier-";
				PRODUCT_NAME = LegendMusic;
				SDKROOT = macosx;
				SWIFT_VERSION = 5.0;
			};
			name = Release;
		};
		83CBBA201A601CBA00E9B192 /* Debug */ = {
			isa = XCBuildConfiguration;
			buildSettings = {
				ALWAYS_SEARCH_USER_PATHS = NO;
				CLANG_ANALYZER_LOCALIZABILITY_NONLOCALIZED = YES;
				CLANG_CXX_LANGUAGE_STANDARD = "c++20";
				CLANG_CXX_LIBRARY = "libc++";
				CLANG_ENABLE_MODULES = YES;
				CLANG_ENABLE_OBJC_ARC = YES;
				CLANG_WARN_BLOCK_CAPTURE_AUTORELEASING = YES;
				CLANG_WARN_BOOL_CONVERSION = YES;
				CLANG_WARN_COMMA = YES;
				CLANG_WARN_CONSTANT_CONVERSION = YES;
				CLANG_WARN_DEPRECATED_OBJC_IMPLEMENTATIONS = YES;
				CLANG_WARN_DIRECT_OBJC_ISA_USAGE = YES_ERROR;
				CLANG_WARN_EMPTY_BODY = YES;
				CLANG_WARN_ENUM_CONVERSION = YES;
				CLANG_WARN_INFINITE_RECURSION = YES;
				CLANG_WARN_INT_CONVERSION = YES;
				CLANG_WARN_NON_LITERAL_NULL_CONVERSION = YES;
				CLANG_WARN_OBJC_IMPLICIT_RETAIN_SELF = YES;
				CLANG_WARN_OBJC_LITERAL_CONVERSION = YES;
				CLANG_WARN_OBJC_ROOT_CLASS = YES_ERROR;
				CLANG_WARN_RANGE_LOOP_ANALYSIS = YES;
				CLANG_WARN_STRICT_PROTOTYPES = YES;
				CLANG_WARN_SUSPICIOUS_MOVE = YES;
				CLANG_WARN_UNREACHABLE_CODE = YES;
				CLANG_WARN__DUPLICATE_METHOD_MATCH = YES;
				"CODE_SIGN_IDENTITY[sdk=iphoneos*]" = "iPhone Developer";
				COPY_PHASE_STRIP = NO;
				ENABLE_STRICT_OBJC_MSGSEND = YES;
				ENABLE_TESTABILITY = YES;
				GCC_C_LANGUAGE_STANDARD = gnu99;
				GCC_DYNAMIC_NO_PIC = NO;
				GCC_NO_COMMON_BLOCKS = YES;
				GCC_OPTIMIZATION_LEVEL = 0;
				GCC_PREPROCESSOR_DEFINITIONS = (
					"DEBUG=1",
					"$(inherited)",
				);
				GCC_SYMBOLS_PRIVATE_EXTERN = NO;
				GCC_WARN_64_TO_32_BIT_CONVERSION = YES;
				GCC_WARN_ABOUT_RETURN_TYPE = YES_ERROR;
				GCC_WARN_UNDECLARED_SELECTOR = YES;
				GCC_WARN_UNINITIALIZED_AUTOS = YES_AGGRESSIVE;
				GCC_WARN_UNUSED_FUNCTION = YES;
				GCC_WARN_UNUSED_VARIABLE = YES;
				IPHONEOS_DEPLOYMENT_TARGET = 9.0;
				LD_RUNPATH_SEARCH_PATHS = (
					/usr/lib/swift,
					"$(inherited)",
				);
				LIBRARY_SEARCH_PATHS = (
					"$(SDKROOT)/usr/lib/swift",
					"\"$(TOOLCHAIN_DIR)/usr/lib/swift/$(PLATFORM_NAME)\"",
					"\"$(inherited)\"",
				);
				MTL_ENABLE_DEBUG_INFO = YES;
				ONLY_ACTIVE_ARCH = YES;
				OTHER_LDFLAGS = "$(inherited)  ";
				REACT_NATIVE_PATH = "${PODS_ROOT}/../../node_modules/react-native";
				SDKROOT = iphoneos;
				SWIFT_ACTIVE_COMPILATION_CONDITIONS = "$(inherited) DEBUG";
				USE_HERMES = true;
			};
			name = Debug;
		};
		83CBBA211A601CBA00E9B192 /* Release */ = {
			isa = XCBuildConfiguration;
			buildSettings = {
				ALWAYS_SEARCH_USER_PATHS = NO;
				CLANG_ANALYZER_LOCALIZABILITY_NONLOCALIZED = YES;
				CLANG_CXX_LANGUAGE_STANDARD = "c++20";
				CLANG_CXX_LIBRARY = "libc++";
				CLANG_ENABLE_MODULES = YES;
				CLANG_ENABLE_OBJC_ARC = YES;
				CLANG_WARN_BLOCK_CAPTURE_AUTORELEASING = YES;
				CLANG_WARN_BOOL_CONVERSION = YES;
				CLANG_WARN_COMMA = YES;
				CLANG_WARN_CONSTANT_CONVERSION = YES;
				CLANG_WARN_DEPRECATED_OBJC_IMPLEMENTATIONS = YES;
				CLANG_WARN_DIRECT_OBJC_ISA_USAGE = YES_ERROR;
				CLANG_WARN_EMPTY_BODY = YES;
				CLANG_WARN_ENUM_CONVERSION = YES;
				CLANG_WARN_INFINITE_RECURSION = YES;
				CLANG_WARN_INT_CONVERSION = YES;
				CLANG_WARN_NON_LITERAL_NULL_CONVERSION = YES;
				CLANG_WARN_OBJC_IMPLICIT_RETAIN_SELF = YES;
				CLANG_WARN_OBJC_LITERAL_CONVERSION = YES;
				CLANG_WARN_OBJC_ROOT_CLASS = YES_ERROR;
				CLANG_WARN_RANGE_LOOP_ANALYSIS = YES;
				CLANG_WARN_STRICT_PROTOTYPES = YES;
				CLANG_WARN_SUSPICIOUS_MOVE = YES;
				CLANG_WARN_UNREACHABLE_CODE = YES;
				CLANG_WARN__DUPLICATE_METHOD_MATCH = YES;
				"CODE_SIGN_IDENTITY[sdk=iphoneos*]" = "iPhone Developer";
				COPY_PHASE_STRIP = YES;
				ENABLE_NS_ASSERTIONS = NO;
				ENABLE_STRICT_OBJC_MSGSEND = YES;
				GCC_C_LANGUAGE_STANDARD = gnu99;
				GCC_NO_COMMON_BLOCKS = YES;
				GCC_WARN_64_TO_32_BIT_CONVERSION = YES;
				GCC_WARN_ABOUT_RETURN_TYPE = YES_ERROR;
				GCC_WARN_UNDECLARED_SELECTOR = YES;
				GCC_WARN_UNINITIALIZED_AUTOS = YES_AGGRESSIVE;
				GCC_WARN_UNUSED_FUNCTION = YES;
				GCC_WARN_UNUSED_VARIABLE = YES;
				IPHONEOS_DEPLOYMENT_TARGET = 9.0;
				LD_RUNPATH_SEARCH_PATHS = (
					/usr/lib/swift,
					"$(inherited)",
				);
				LIBRARY_SEARCH_PATHS = (
					"$(SDKROOT)/usr/lib/swift",
					"\"$(TOOLCHAIN_DIR)/usr/lib/swift/$(PLATFORM_NAME)\"",
					"\"$(inherited)\"",
				);
				MTL_ENABLE_DEBUG_INFO = NO;
				OTHER_LDFLAGS = "$(inherited)  ";
				REACT_NATIVE_PATH = "${PODS_ROOT}/../../node_modules/react-native";
				SDKROOT = iphoneos;
				USE_HERMES = true;
				VALIDATE_PRODUCT = YES;
			};
			name = Release;
		};
/* End XCBuildConfiguration section */

/* Begin XCConfigurationList section */
		13B07F931A680F5B00A75B9A /* Build configuration list for PBXNativeTarget "LegendMusic-iOS" */ = {
			isa = XCConfigurationList;
			buildConfigurations = (
				13B07F941A680F5B00A75B9A /* Debug */,
				13B07F951A680F5B00A75B9A /* Release */,
			);
			defaultConfigurationIsVisible = 0;
			defaultConfigurationName = Release;
		};
		5142015A2437B4B40078DB4F /* Build configuration list for PBXNativeTarget "LegendMusic-macOS" */ = {
			isa = XCConfigurationList;
			buildConfigurations = (
				5142015B2437B4B40078DB4F /* Debug */,
				5142015C2437B4B40078DB4F /* Release */,
			);
			defaultConfigurationIsVisible = 0;
			defaultConfigurationName = Release;
		};
		83CBB9FA1A601CBA00E9B192 /* Build configuration list for PBXProject "LegendMusic" */ = {
			isa = XCConfigurationList;
			buildConfigurations = (
				83CBBA201A601CBA00E9B192 /* Debug */,
				83CBBA211A601CBA00E9B192 /* Release */,
			);
			defaultConfigurationIsVisible = 0;
			defaultConfigurationName = Release;
		};
/* End XCConfigurationList section */
	};
	rootObject = 83CBB9F71A601CBA00E9B192 /* Project object */;
}
