{
  "originHash" : "2aeebb7034b70d30222a2b47febf6ce7a893ed5a6def2b5dacca33750eb6b997",
  "pins" : [
    {
      "identity" : "id3tageditor",
      "kind" : "remoteSourceControl",
      "location" : "https://github.com/chicio/ID3TagEditor.git",
      "state" : {
        "revision" : "adcebd1680ac1a93f8a95f84c515680cac3c69d6",
        "version" : "5.4.0"
      }
    }
  ],
  "version" : 3
}
